// !$*UTF8*$!
{
	archiveVersion = 1;
	classes = {
	};
	objectVersion = 56;
	objects = {

/* Begin PBXBuildFile section */
		480520832DE7A739006555CE /* DishListUnitTests.swift in Sources */ = {isa = PBXBuildFile; fileRef = 480520822DE7A739006555CE /* DishListUnitTests.swift */; };
		480520842DE7A739006555CE /* DishListIntegrationTests.swift in Sources */ = {isa = PBXBuildFile; fileRef = 480520812DE7A739006555CE /* DishListIntegrationTests.swift */; };
		480520872DE7AA5E006555CE /* DishDetailsUnitTests.swift in Sources */ = {isa = PBXBuildFile; fileRef = 480520862DE7AA5E006555CE /* DishDetailsUnitTests.swift */; };
		480520882DE7AA5E006555CE /* DishDetailsIntegrationTests.swift in Sources */ = {isa = PBXBuildFile; fileRef = 480520852DE7AA5E006555CE /* DishDetailsIntegrationTests.swift */; };
		4805208B2DE889D9006555CE /* ProductSelectionIntegrationTests.swift in Sources */ = {isa = PBXBuildFile; fileRef = 480520892DE889D9006555CE /* ProductSelectionIntegrationTests.swift */; };
		4805208C2DE889D9006555CE /* ProductSelectionUnitTests.swift in Sources */ = {isa = PBXBuildFile; fileRef = 4805208A2DE889D9006555CE /* ProductSelectionUnitTests.swift */; };
		4825BC532DE634AA00671D4C /* DishSelectionUnitTests.swift in Sources */ = {isa = PBXBuildFile; fileRef = 4825BC522DE634AA00671D4C /* DishSelectionUnitTests.swift */; };
		4825BC552DE635CA00671D4C /* ShoppingListUnitTests.swift in Sources */ = {isa = PBXBuildFile; fileRef = 4825BC542DE635BB00671D4C /* ShoppingListUnitTests.swift */; };
		48355B172DE744DC00209255 /* MenuUnitTests.swift in Sources */ = {isa = PBXBuildFile; fileRef = 48355B162DE744DC00209255 /* MenuUnitTests.swift */; };
		48355B1D2DE74C1000209255 /* DishSelectionIntegrationTests.swift in Sources */ = {isa = PBXBuildFile; fileRef = 48355B1C2DE74C1000209255 /* DishSelectionIntegrationTests.swift */; };
		48355B202DE7586400209255 /* MenuIntegrationTests.swift in Sources */ = {isa = PBXBuildFile; fileRef = 48355B1E2DE7586400209255 /* MenuIntegrationTests.swift */; };
		48355B212DE7586400209255 /* ShoppingListIntegrationTests.swift in Sources */ = {isa = PBXBuildFile; fileRef = 48355B1F2DE7586400209255 /* ShoppingListIntegrationTests.swift */; };
		48355B242DE767DC00209255 /* EditProductIntegrationTests.swift in Sources */ = {isa = PBXBuildFile; fileRef = 48355B222DE767DC00209255 /* EditProductIntegrationTests.swift */; };
		48355B252DE767DC00209255 /* ProductListIntegrationTests.swift in Sources */ = {isa = PBXBuildFile; fileRef = 48355B232DE767DC00209255 /* ProductListIntegrationTests.swift */; };
		48355B282DE7688E00209255 /* EditProductUnitTests.swift in Sources */ = {isa = PBXBuildFile; fileRef = 48355B262DE7688E00209255 /* EditProductUnitTests.swift */; };
		48355B292DE7688E00209255 /* ProductListUnitTests.swift in Sources */ = {isa = PBXBuildFile; fileRef = 48355B272DE7688E00209255 /* ProductListUnitTests.swift */; };
		48355B2B2DE77C5F00209255 /* TestUtilities.swift in Sources */ = {isa = PBXBuildFile; fileRef = 48355B2A2DE77C5F00209255 /* TestUtilities.swift */; };
		483986262DE9D79C00B15F16 /* DishCategoryTests.swift in Sources */ = {isa = PBXBuildFile; fileRef = 483986252DE9D79C00B15F16 /* DishCategoryTests.swift */; };
		4891315B2DEEE31C00BFDAA6 /* PersistencePerformanceTests.swift in Sources */ = {isa = PBXBuildFile; fileRef = 4891315A2DEEE31C00BFDAA6 /* PersistencePerformanceTests.swift */; };
		4891315D2DEEE98C00BFDAA6 /* CoreDataFetchHelper.swift in Sources */ = {isa = PBXBuildFile; fileRef = 4891315C2DEEE98C00BFDAA6 /* CoreDataFetchHelper.swift */; };
		4891315E2DEEE98C00BFDAA6 /* CoreDataFetchHelper.swift in Sources */ = {isa = PBXBuildFile; fileRef = 4891315C2DEEE98C00BFDAA6 /* CoreDataFetchHelper.swift */; };
		4891315F2DEEE98C00BFDAA6 /* CoreDataFetchHelper.swift in Sources */ = {isa = PBXBuildFile; fileRef = 4891315C2DEEE98C00BFDAA6 /* CoreDataFetchHelper.swift */; };
		489131612DEEE99500BFDAA6 /* CoreDataFetchHelperTests.swift in Sources */ = {isa = PBXBuildFile; fileRef = 489131602DEEE99500BFDAA6 /* CoreDataFetchHelperTests.swift */; };
		489131632DEF0A3A00BFDAA6 /* SearchOptimizationHelper.swift in Sources */ = {isa = PBXBuildFile; fileRef = 489131622DEF0A3A00BFDAA6 /* SearchOptimizationHelper.swift */; };
		489131642DEF0A3A00BFDAA6 /* SearchOptimizationHelper.swift in Sources */ = {isa = PBXBuildFile; fileRef = 489131622DEF0A3A00BFDAA6 /* SearchOptimizationHelper.swift */; };
		489131652DEF0A3A00BFDAA6 /* SearchOptimizationHelper.swift in Sources */ = {isa = PBXBuildFile; fileRef = 489131622DEF0A3A00BFDAA6 /* SearchOptimizationHelper.swift */; };
		489131672DEF0A4900BFDAA6 /* SearchOptimizationHelperTests.swift in Sources */ = {isa = PBXBuildFile; fileRef = 489131662DEF0A4900BFDAA6 /* SearchOptimizationHelperTests.swift */; };
		489131692DEF14C800BFDAA6 /* StaticDataCacheManager.swift in Sources */ = {isa = PBXBuildFile; fileRef = 489131682DEF14C800BFDAA6 /* StaticDataCacheManager.swift */; };
		4891316A2DEF14C800BFDAA6 /* StaticDataCacheManager.swift in Sources */ = {isa = PBXBuildFile; fileRef = 489131682DEF14C800BFDAA6 /* StaticDataCacheManager.swift */; };
		4891316B2DEF14C800BFDAA6 /* StaticDataCacheManager.swift in Sources */ = {isa = PBXBuildFile; fileRef = 489131682DEF14C800BFDAA6 /* StaticDataCacheManager.swift */; };
		4891316D2DEF14D100BFDAA6 /* StaticDataCacheManagerTests.swift in Sources */ = {isa = PBXBuildFile; fileRef = 4891316C2DEF14D100BFDAA6 /* StaticDataCacheManagerTests.swift */; };
		A004ED792D11DC000081DDC0 /* FamilyMenuPlannerApp.swift in Sources */ = {isa = PBXBuildFile; fileRef = A004ED782D11DC000081DDC0 /* FamilyMenuPlannerApp.swift */; };
		A004ED7B2D11DC000081DDC0 /* ContentView.swift in Sources */ = {isa = PBXBuildFile; fileRef = A004ED7A2D11DC000081DDC0 /* ContentView.swift */; };
		A004ED7D2D11DC020081DDC0 /* Assets.xcassets in Resources */ = {isa = PBXBuildFile; fileRef = A004ED7C2D11DC020081DDC0 /* Assets.xcassets */; };
		A004ED822D11DC020081DDC0 /* Persistence.swift in Sources */ = {isa = PBXBuildFile; fileRef = A004ED812D11DC020081DDC0 /* Persistence.swift */; };
		A004ED852D11DC020081DDC0 /* FamilyMenuPlanner.xcdatamodeld in Sources */ = {isa = PBXBuildFile; fileRef = A004ED832D11DC020081DDC0 /* FamilyMenuPlanner.xcdatamodeld */; };
		A004ED9A2D11DC030081DDC0 /* FamilyMenuPlannerUITests.swift in Sources */ = {isa = PBXBuildFile; fileRef = A004ED992D11DC030081DDC0 /* FamilyMenuPlannerUITests.swift */; };
		A004ED9C2D11DC030081DDC0 /* FamilyMenuPlannerUITestsLaunchTests.swift in Sources */ = {isa = PBXBuildFile; fileRef = A004ED9B2D11DC030081DDC0 /* FamilyMenuPlannerUITestsLaunchTests.swift */; };
		A05706402D35157900D4496C /* AppStateManager.swift in Sources */ = {isa = PBXBuildFile; fileRef = A057063F2D35157900D4496C /* AppStateManager.swift */; };
		A05706412D35157900D4496C /* AppStateManager.swift in Sources */ = {isa = PBXBuildFile; fileRef = A057063F2D35157900D4496C /* AppStateManager.swift */; };
		A05706422D35157900D4496C /* AppStateManager.swift in Sources */ = {isa = PBXBuildFile; fileRef = A057063F2D35157900D4496C /* AppStateManager.swift */; };
		A05706492D36779800D4496C /* MenuViewModel.swift in Sources */ = {isa = PBXBuildFile; fileRef = A05706482D36779800D4496C /* MenuViewModel.swift */; };
		A057064A2D36779800D4496C /* MenuViewModel.swift in Sources */ = {isa = PBXBuildFile; fileRef = A05706482D36779800D4496C /* MenuViewModel.swift */; };
		A057064B2D36779800D4496C /* MenuViewModel.swift in Sources */ = {isa = PBXBuildFile; fileRef = A05706482D36779800D4496C /* MenuViewModel.swift */; };
		A057064D2D3677BC00D4496C /* MenuService.swift in Sources */ = {isa = PBXBuildFile; fileRef = A057064C2D3677BC00D4496C /* MenuService.swift */; };
		A057064E2D3677BC00D4496C /* MenuService.swift in Sources */ = {isa = PBXBuildFile; fileRef = A057064C2D3677BC00D4496C /* MenuService.swift */; };
		A057064F2D3677BC00D4496C /* MenuService.swift in Sources */ = {isa = PBXBuildFile; fileRef = A057064C2D3677BC00D4496C /* MenuService.swift */; };
		A05706512D36901C00D4496C /* MenuCoordinator.swift in Sources */ = {isa = PBXBuildFile; fileRef = A05706502D36901C00D4496C /* MenuCoordinator.swift */; };
		A05706532D36901C00D4496C /* MenuCoordinator.swift in Sources */ = {isa = PBXBuildFile; fileRef = A05706502D36901C00D4496C /* MenuCoordinator.swift */; };
		A07E938B2D47F29C003940AE /* CommonUnitTests.swift in Sources */ = {isa = PBXBuildFile; fileRef = A07E938A2D47F29C003940AE /* CommonUnitTests.swift */; };
		A07E938C2D47F405003940AE /* FamilyMenuPlanner.xcdatamodeld in Sources */ = {isa = PBXBuildFile; fileRef = A004ED832D11DC020081DDC0 /* FamilyMenuPlanner.xcdatamodeld */; };
		A07E938D2D47F406003940AE /* FamilyMenuPlanner.xcdatamodeld in Sources */ = {isa = PBXBuildFile; fileRef = A004ED832D11DC020081DDC0 /* FamilyMenuPlanner.xcdatamodeld */; };
		A07E938E2D47F414003940AE /* Persistence.swift in Sources */ = {isa = PBXBuildFile; fileRef = A004ED812D11DC020081DDC0 /* Persistence.swift */; };
		A07E938F2D47F414003940AE /* Persistence.swift in Sources */ = {isa = PBXBuildFile; fileRef = A004ED812D11DC020081DDC0 /* Persistence.swift */; };
		A07E93912D47F418003940AE /* ContentView.swift in Sources */ = {isa = PBXBuildFile; fileRef = A004ED7A2D11DC000081DDC0 /* ContentView.swift */; };
		A07E93932D47F41D003940AE /* FamilyMenuPlannerApp.swift in Sources */ = {isa = PBXBuildFile; fileRef = A004ED782D11DC000081DDC0 /* FamilyMenuPlannerApp.swift */; };
		A07F69DB2D3BA41700ECE326 /* DishSelectionViewModel.swift in Sources */ = {isa = PBXBuildFile; fileRef = A07F69DA2D3BA41700ECE326 /* DishSelectionViewModel.swift */; };
		A07F69DC2D3BA41700ECE326 /* DishSelectionViewModel.swift in Sources */ = {isa = PBXBuildFile; fileRef = A07F69DA2D3BA41700ECE326 /* DishSelectionViewModel.swift */; };
		A07F69DD2D3BA41700ECE326 /* DishSelectionViewModel.swift in Sources */ = {isa = PBXBuildFile; fileRef = A07F69DA2D3BA41700ECE326 /* DishSelectionViewModel.swift */; };
		A07F69DF2D3BA69300ECE326 /* DishSelectionService.swift in Sources */ = {isa = PBXBuildFile; fileRef = A07F69DE2D3BA69300ECE326 /* DishSelectionService.swift */; };
		A07F69E02D3BA69300ECE326 /* DishSelectionService.swift in Sources */ = {isa = PBXBuildFile; fileRef = A07F69DE2D3BA69300ECE326 /* DishSelectionService.swift */; };
		A07F69E12D3BA69300ECE326 /* DishSelectionService.swift in Sources */ = {isa = PBXBuildFile; fileRef = A07F69DE2D3BA69300ECE326 /* DishSelectionService.swift */; };
		A07F69E32D3BA89A00ECE326 /* DishSelectionCoordinator.swift in Sources */ = {isa = PBXBuildFile; fileRef = A07F69E22D3BA89A00ECE326 /* DishSelectionCoordinator.swift */; };
		A07F69E52D3BA89A00ECE326 /* DishSelectionCoordinator.swift in Sources */ = {isa = PBXBuildFile; fileRef = A07F69E22D3BA89A00ECE326 /* DishSelectionCoordinator.swift */; };
		A07F69E92D3D061C00ECE326 /* ProductListViewModel.swift in Sources */ = {isa = PBXBuildFile; fileRef = A07F69E82D3D061C00ECE326 /* ProductListViewModel.swift */; };
		A07F69EA2D3D061C00ECE326 /* ProductListViewModel.swift in Sources */ = {isa = PBXBuildFile; fileRef = A07F69E82D3D061C00ECE326 /* ProductListViewModel.swift */; };
		A07F69EB2D3D061C00ECE326 /* ProductListViewModel.swift in Sources */ = {isa = PBXBuildFile; fileRef = A07F69E82D3D061C00ECE326 /* ProductListViewModel.swift */; };
		A07F69ED2D3D063800ECE326 /* ProductListService.swift in Sources */ = {isa = PBXBuildFile; fileRef = A07F69EC2D3D063700ECE326 /* ProductListService.swift */; };
		A07F69EE2D3D063800ECE326 /* ProductListService.swift in Sources */ = {isa = PBXBuildFile; fileRef = A07F69EC2D3D063700ECE326 /* ProductListService.swift */; };
		A07F69EF2D3D063800ECE326 /* ProductListService.swift in Sources */ = {isa = PBXBuildFile; fileRef = A07F69EC2D3D063700ECE326 /* ProductListService.swift */; };
		A07F69F12D3D065500ECE326 /* ProductListCoordinator.swift in Sources */ = {isa = PBXBuildFile; fileRef = A07F69F02D3D065500ECE326 /* ProductListCoordinator.swift */; };
		A07F69F32D3D065500ECE326 /* ProductListCoordinator.swift in Sources */ = {isa = PBXBuildFile; fileRef = A07F69F02D3D065500ECE326 /* ProductListCoordinator.swift */; };
		A07F69F52D3D890200ECE326 /* AlertQueueManager.swift in Sources */ = {isa = PBXBuildFile; fileRef = A07F69F42D3D890200ECE326 /* AlertQueueManager.swift */; };
		A07F69F62D3D890200ECE326 /* AlertQueueManager.swift in Sources */ = {isa = PBXBuildFile; fileRef = A07F69F42D3D890200ECE326 /* AlertQueueManager.swift */; };
		A07F69F72D3D890200ECE326 /* AlertQueueManager.swift in Sources */ = {isa = PBXBuildFile; fileRef = A07F69F42D3D890200ECE326 /* AlertQueueManager.swift */; };
		A0A3B4B42D3EC4F6009E8AE7 /* EditProductViewModel.swift in Sources */ = {isa = PBXBuildFile; fileRef = A0A3B4B32D3EC4F6009E8AE7 /* EditProductViewModel.swift */; };
		A0A3B4B52D3EC4F6009E8AE7 /* EditProductViewModel.swift in Sources */ = {isa = PBXBuildFile; fileRef = A0A3B4B32D3EC4F6009E8AE7 /* EditProductViewModel.swift */; };
		A0A3B4B62D3EC4F6009E8AE7 /* EditProductViewModel.swift in Sources */ = {isa = PBXBuildFile; fileRef = A0A3B4B32D3EC4F6009E8AE7 /* EditProductViewModel.swift */; };
		A0A3B4B82D3EC51C009E8AE7 /* EditProductService.swift in Sources */ = {isa = PBXBuildFile; fileRef = A0A3B4B72D3EC51C009E8AE7 /* EditProductService.swift */; };
		A0A3B4B92D3EC51C009E8AE7 /* EditProductService.swift in Sources */ = {isa = PBXBuildFile; fileRef = A0A3B4B72D3EC51C009E8AE7 /* EditProductService.swift */; };
		A0A3B4BA2D3EC51C009E8AE7 /* EditProductService.swift in Sources */ = {isa = PBXBuildFile; fileRef = A0A3B4B72D3EC51C009E8AE7 /* EditProductService.swift */; };
		A0A3B4BC2D3EC52F009E8AE7 /* EditProductCoordinator.swift in Sources */ = {isa = PBXBuildFile; fileRef = A0A3B4BB2D3EC52F009E8AE7 /* EditProductCoordinator.swift */; };
		A0A3B4BE2D3EC52F009E8AE7 /* EditProductCoordinator.swift in Sources */ = {isa = PBXBuildFile; fileRef = A0A3B4BB2D3EC52F009E8AE7 /* EditProductCoordinator.swift */; };
		A0A3B4C32D43CB49009E8AE7 /* DishListView.swift in Sources */ = {isa = PBXBuildFile; fileRef = A0A3B4C22D43CB49009E8AE7 /* DishListView.swift */; };
		A0A3B4C52D43CB49009E8AE7 /* DishListView.swift in Sources */ = {isa = PBXBuildFile; fileRef = A0A3B4C22D43CB49009E8AE7 /* DishListView.swift */; };
		A0A3B4C72D43CB53009E8AE7 /* DishListViewModel.swift in Sources */ = {isa = PBXBuildFile; fileRef = A0A3B4C62D43CB53009E8AE7 /* DishListViewModel.swift */; };
		A0A3B4C82D43CB53009E8AE7 /* DishListViewModel.swift in Sources */ = {isa = PBXBuildFile; fileRef = A0A3B4C62D43CB53009E8AE7 /* DishListViewModel.swift */; };
		A0A3B4C92D43CB53009E8AE7 /* DishListViewModel.swift in Sources */ = {isa = PBXBuildFile; fileRef = A0A3B4C62D43CB53009E8AE7 /* DishListViewModel.swift */; };
		A0A3B4CB2D43CB66009E8AE7 /* DishListService.swift in Sources */ = {isa = PBXBuildFile; fileRef = A0A3B4CA2D43CB66009E8AE7 /* DishListService.swift */; };
		A0A3B4CC2D43CB66009E8AE7 /* DishListService.swift in Sources */ = {isa = PBXBuildFile; fileRef = A0A3B4CA2D43CB66009E8AE7 /* DishListService.swift */; };
		A0A3B4CD2D43CB66009E8AE7 /* DishListService.swift in Sources */ = {isa = PBXBuildFile; fileRef = A0A3B4CA2D43CB66009E8AE7 /* DishListService.swift */; };
		A0A3B4CF2D43CB73009E8AE7 /* DishListCoordinator.swift in Sources */ = {isa = PBXBuildFile; fileRef = A0A3B4CE2D43CB73009E8AE7 /* DishListCoordinator.swift */; };
		A0A3B4D12D43CB73009E8AE7 /* DishListCoordinator.swift in Sources */ = {isa = PBXBuildFile; fileRef = A0A3B4CE2D43CB73009E8AE7 /* DishListCoordinator.swift */; };
		A0A3B4D32D43CEDF009E8AE7 /* DishDetailsView.swift in Sources */ = {isa = PBXBuildFile; fileRef = A0A3B4D22D43CEDF009E8AE7 /* DishDetailsView.swift */; };
		A0A3B4D52D43CEDF009E8AE7 /* DishDetailsView.swift in Sources */ = {isa = PBXBuildFile; fileRef = A0A3B4D22D43CEDF009E8AE7 /* DishDetailsView.swift */; };
		A0A3B4D72D43CEE8009E8AE7 /* DishDetailsViewModel.swift in Sources */ = {isa = PBXBuildFile; fileRef = A0A3B4D62D43CEE8009E8AE7 /* DishDetailsViewModel.swift */; };
		A0A3B4D82D43CEE8009E8AE7 /* DishDetailsViewModel.swift in Sources */ = {isa = PBXBuildFile; fileRef = A0A3B4D62D43CEE8009E8AE7 /* DishDetailsViewModel.swift */; };
		A0A3B4D92D43CEE8009E8AE7 /* DishDetailsViewModel.swift in Sources */ = {isa = PBXBuildFile; fileRef = A0A3B4D62D43CEE8009E8AE7 /* DishDetailsViewModel.swift */; };
		A0A3B4DB2D43CEF7009E8AE7 /* DishDetailsService.swift in Sources */ = {isa = PBXBuildFile; fileRef = A0A3B4DA2D43CEF7009E8AE7 /* DishDetailsService.swift */; };
		A0A3B4DC2D43CEF7009E8AE7 /* DishDetailsService.swift in Sources */ = {isa = PBXBuildFile; fileRef = A0A3B4DA2D43CEF7009E8AE7 /* DishDetailsService.swift */; };
		A0A3B4DD2D43CEF7009E8AE7 /* DishDetailsService.swift in Sources */ = {isa = PBXBuildFile; fileRef = A0A3B4DA2D43CEF7009E8AE7 /* DishDetailsService.swift */; };
		A0A3B4DF2D43CF05009E8AE7 /* DishDetailsCoordinator.swift in Sources */ = {isa = PBXBuildFile; fileRef = A0A3B4DE2D43CF05009E8AE7 /* DishDetailsCoordinator.swift */; };
		A0A3B4E12D43CF05009E8AE7 /* DishDetailsCoordinator.swift in Sources */ = {isa = PBXBuildFile; fileRef = A0A3B4DE2D43CF05009E8AE7 /* DishDetailsCoordinator.swift */; };
		A0A3B4E32D463B33009E8AE7 /* ProductSelectionViewModel.swift in Sources */ = {isa = PBXBuildFile; fileRef = A0A3B4E22D463B33009E8AE7 /* ProductSelectionViewModel.swift */; };
		A0A3B4E42D463B33009E8AE7 /* ProductSelectionViewModel.swift in Sources */ = {isa = PBXBuildFile; fileRef = A0A3B4E22D463B33009E8AE7 /* ProductSelectionViewModel.swift */; };
		A0A3B4E52D463B33009E8AE7 /* ProductSelectionViewModel.swift in Sources */ = {isa = PBXBuildFile; fileRef = A0A3B4E22D463B33009E8AE7 /* ProductSelectionViewModel.swift */; };
		A0A3B4E72D463B4E009E8AE7 /* ProductSelectionService.swift in Sources */ = {isa = PBXBuildFile; fileRef = A0A3B4E62D463B4E009E8AE7 /* ProductSelectionService.swift */; };
		A0A3B4E82D463B4E009E8AE7 /* ProductSelectionService.swift in Sources */ = {isa = PBXBuildFile; fileRef = A0A3B4E62D463B4E009E8AE7 /* ProductSelectionService.swift */; };
		A0A3B4E92D463B4E009E8AE7 /* ProductSelectionService.swift in Sources */ = {isa = PBXBuildFile; fileRef = A0A3B4E62D463B4E009E8AE7 /* ProductSelectionService.swift */; };
		A0A3B4EB2D463B5B009E8AE7 /* ProductSelectionCoordinator.swift in Sources */ = {isa = PBXBuildFile; fileRef = A0A3B4EA2D463B5B009E8AE7 /* ProductSelectionCoordinator.swift */; };
		A0A3B4ED2D463B5B009E8AE7 /* ProductSelectionCoordinator.swift in Sources */ = {isa = PBXBuildFile; fileRef = A0A3B4EA2D463B5B009E8AE7 /* ProductSelectionCoordinator.swift */; };
		A0B998282D11FD7F00248F27 /* ProductListView.swift in Sources */ = {isa = PBXBuildFile; fileRef = A0B998272D11FD7F00248F27 /* ProductListView.swift */; };
		A0B9982A2D11FD7F00248F27 /* ProductListView.swift in Sources */ = {isa = PBXBuildFile; fileRef = A0B998272D11FD7F00248F27 /* ProductListView.swift */; };
		A0B9982C2D11FEF200248F27 /* MenuView.swift in Sources */ = {isa = PBXBuildFile; fileRef = A0B9982B2D11FEF200248F27 /* MenuView.swift */; };
		A0B9982E2D11FEF200248F27 /* MenuView.swift in Sources */ = {isa = PBXBuildFile; fileRef = A0B9982B2D11FEF200248F27 /* MenuView.swift */; };
		A0D21EB12D145B410014AD78 /* ProductSelectionView.swift in Sources */ = {isa = PBXBuildFile; fileRef = A0D21EB02D145B410014AD78 /* ProductSelectionView.swift */; };
		A0D21EB32D145B410014AD78 /* ProductSelectionView.swift in Sources */ = {isa = PBXBuildFile; fileRef = A0D21EB02D145B410014AD78 /* ProductSelectionView.swift */; };
		A0D21EB92D156D680014AD78 /* Localizable.strings in Resources */ = {isa = PBXBuildFile; fileRef = A0D21EBD2D156D680014AD78 /* Localizable.strings */; };
		A0D21EBA2D156D680014AD78 /* Localizable.strings in Resources */ = {isa = PBXBuildFile; fileRef = A0D21EBD2D156D680014AD78 /* Localizable.strings */; };
		A0D21EBB2D156D680014AD78 /* Localizable.strings in Resources */ = {isa = PBXBuildFile; fileRef = A0D21EBD2D156D680014AD78 /* Localizable.strings */; };
		A0D21EC02D1574E70014AD78 /* LocalizationHelper.swift in Sources */ = {isa = PBXBuildFile; fileRef = A0D21EBF2D1574E70014AD78 /* LocalizationHelper.swift */; };
		A0D21EC12D1574E70014AD78 /* LocalizationHelper.swift in Sources */ = {isa = PBXBuildFile; fileRef = A0D21EBF2D1574E70014AD78 /* LocalizationHelper.swift */; };
		A0D21EC22D1574E70014AD78 /* LocalizationHelper.swift in Sources */ = {isa = PBXBuildFile; fileRef = A0D21EBF2D1574E70014AD78 /* LocalizationHelper.swift */; };
		A0D21EC42D1575240014AD78 /* ViewHelper.swift in Sources */ = {isa = PBXBuildFile; fileRef = A0D21EC32D1575240014AD78 /* ViewHelper.swift */; };
		A0D21EC62D1575240014AD78 /* ViewHelper.swift in Sources */ = {isa = PBXBuildFile; fileRef = A0D21EC32D1575240014AD78 /* ViewHelper.swift */; };
		A0D21EC72D16A85C0014AD78 /* preloadData.json in Resources */ = {isa = PBXBuildFile; fileRef = A0D21ECB2D16A85C0014AD78 /* preloadData.json */; };
		A0D21EC82D16A85C0014AD78 /* preloadData.json in Resources */ = {isa = PBXBuildFile; fileRef = A0D21ECB2D16A85C0014AD78 /* preloadData.json */; };
		A0D21EC92D16A85C0014AD78 /* preloadData.json in Resources */ = {isa = PBXBuildFile; fileRef = A0D21ECB2D16A85C0014AD78 /* preloadData.json */; };
		A0D21ECE2D16B4570014AD78 /* NumbersHelper.swift in Sources */ = {isa = PBXBuildFile; fileRef = A0D21ECD2D16B4570014AD78 /* NumbersHelper.swift */; };
		A0D21ECF2D16B4570014AD78 /* NumbersHelper.swift in Sources */ = {isa = PBXBuildFile; fileRef = A0D21ECD2D16B4570014AD78 /* NumbersHelper.swift */; };
		A0D21ED02D16B4570014AD78 /* NumbersHelper.swift in Sources */ = {isa = PBXBuildFile; fileRef = A0D21ECD2D16B4570014AD78 /* NumbersHelper.swift */; };
		A0D21ED72D1AD3CD0014AD78 /* CalendarHelper.swift in Sources */ = {isa = PBXBuildFile; fileRef = A0D21ED62D1AD3CD0014AD78 /* CalendarHelper.swift */; };
		A0D21ED82D1AD3CD0014AD78 /* CalendarHelper.swift in Sources */ = {isa = PBXBuildFile; fileRef = A0D21ED62D1AD3CD0014AD78 /* CalendarHelper.swift */; };
		A0D21ED92D1AD3CD0014AD78 /* CalendarHelper.swift in Sources */ = {isa = PBXBuildFile; fileRef = A0D21ED62D1AD3CD0014AD78 /* CalendarHelper.swift */; };
		A0DBD53E2D12A9D900C83BFD /* LaunchScreen.storyboard in Resources */ = {isa = PBXBuildFile; fileRef = A0DBD53D2D12A9D900C83BFD /* LaunchScreen.storyboard */; };
		A0DBD5402D12AF8F00C83BFD /* EditProductView.swift in Sources */ = {isa = PBXBuildFile; fileRef = A0DBD53F2D12AF8F00C83BFD /* EditProductView.swift */; };
		A0DBD5412D12AF9300C83BFD /* EditProductView.swift in Sources */ = {isa = PBXBuildFile; fileRef = A0DBD53F2D12AF8F00C83BFD /* EditProductView.swift */; };
		A0DBD5482D12C5C400C83BFD /* DishSelectionView.swift in Sources */ = {isa = PBXBuildFile; fileRef = A0DBD5472D12C5C400C83BFD /* DishSelectionView.swift */; };
		A0DBD54A2D12C5C400C83BFD /* DishSelectionView.swift in Sources */ = {isa = PBXBuildFile; fileRef = A0DBD5472D12C5C400C83BFD /* DishSelectionView.swift */; };
		A0DBD5512D12E90500C83BFD /* ShoppingListView.swift in Sources */ = {isa = PBXBuildFile; fileRef = A0DBD5502D12E90500C83BFD /* ShoppingListView.swift */; };
		A0DBD5532D12E90500C83BFD /* ShoppingListView.swift in Sources */ = {isa = PBXBuildFile; fileRef = A0DBD5502D12E90500C83BFD /* ShoppingListView.swift */; };
/* End PBXBuildFile section */

/* Begin PBXContainerItemProxy section */
		A004ED8C2D11DC030081DDC0 /* PBXContainerItemProxy */ = {
			isa = PBXContainerItemProxy;
			containerPortal = A004ED6D2D11DC000081DDC0 /* Project object */;
			proxyType = 1;
			remoteGlobalIDString = A004ED742D11DC000081DDC0;
			remoteInfo = FamilyMenuPlanner;
		};
		A004ED962D11DC030081DDC0 /* PBXContainerItemProxy */ = {
			isa = PBXContainerItemProxy;
			containerPortal = A004ED6D2D11DC000081DDC0 /* Project object */;
			proxyType = 1;
			remoteGlobalIDString = A004ED742D11DC000081DDC0;
			remoteInfo = FamilyMenuPlanner;
		};
/* End PBXContainerItemProxy section */

/* Begin PBXFileReference section */
		480520812DE7A739006555CE /* DishListIntegrationTests.swift */ = {isa = PBXFileReference; lastKnownFileType = sourcecode.swift; path = DishListIntegrationTests.swift; sourceTree = "<group>"; };
		480520822DE7A739006555CE /* DishListUnitTests.swift */ = {isa = PBXFileReference; lastKnownFileType = sourcecode.swift; path = DishListUnitTests.swift; sourceTree = "<group>"; };
		480520852DE7AA5E006555CE /* DishDetailsIntegrationTests.swift */ = {isa = PBXFileReference; lastKnownFileType = sourcecode.swift; path = DishDetailsIntegrationTests.swift; sourceTree = "<group>"; };
		480520862DE7AA5E006555CE /* DishDetailsUnitTests.swift */ = {isa = PBXFileReference; lastKnownFileType = sourcecode.swift; path = DishDetailsUnitTests.swift; sourceTree = "<group>"; };
		480520892DE889D9006555CE /* ProductSelectionIntegrationTests.swift */ = {isa = PBXFileReference; lastKnownFileType = sourcecode.swift; path = ProductSelectionIntegrationTests.swift; sourceTree = "<group>"; };
		4805208A2DE889D9006555CE /* ProductSelectionUnitTests.swift */ = {isa = PBXFileReference; lastKnownFileType = sourcecode.swift; path = ProductSelectionUnitTests.swift; sourceTree = "<group>"; };
		4825BC522DE634AA00671D4C /* DishSelectionUnitTests.swift */ = {isa = PBXFileReference; lastKnownFileType = sourcecode.swift; path = DishSelectionUnitTests.swift; sourceTree = "<group>"; };
		4825BC542DE635BB00671D4C /* ShoppingListUnitTests.swift */ = {isa = PBXFileReference; lastKnownFileType = sourcecode.swift; path = ShoppingListUnitTests.swift; sourceTree = "<group>"; };
		48355B162DE744DC00209255 /* MenuUnitTests.swift */ = {isa = PBXFileReference; lastKnownFileType = sourcecode.swift; path = MenuUnitTests.swift; sourceTree = "<group>"; };
		48355B1C2DE74C1000209255 /* DishSelectionIntegrationTests.swift */ = {isa = PBXFileReference; lastKnownFileType = sourcecode.swift; path = DishSelectionIntegrationTests.swift; sourceTree = "<group>"; };
		48355B1E2DE7586400209255 /* MenuIntegrationTests.swift */ = {isa = PBXFileReference; lastKnownFileType = sourcecode.swift; path = MenuIntegrationTests.swift; sourceTree = "<group>"; };
		48355B1F2DE7586400209255 /* ShoppingListIntegrationTests.swift */ = {isa = PBXFileReference; lastKnownFileType = sourcecode.swift; path = ShoppingListIntegrationTests.swift; sourceTree = "<group>"; };
		48355B222DE767DC00209255 /* EditProductIntegrationTests.swift */ = {isa = PBXFileReference; lastKnownFileType = sourcecode.swift; path = EditProductIntegrationTests.swift; sourceTree = "<group>"; };
		48355B232DE767DC00209255 /* ProductListIntegrationTests.swift */ = {isa = PBXFileReference; lastKnownFileType = sourcecode.swift; path = ProductListIntegrationTests.swift; sourceTree = "<group>"; };
		48355B262DE7688E00209255 /* EditProductUnitTests.swift */ = {isa = PBXFileReference; lastKnownFileType = sourcecode.swift; path = EditProductUnitTests.swift; sourceTree = "<group>"; };
		48355B272DE7688E00209255 /* ProductListUnitTests.swift */ = {isa = PBXFileReference; lastKnownFileType = sourcecode.swift; path = ProductListUnitTests.swift; sourceTree = "<group>"; };
		48355B2A2DE77C5F00209255 /* TestUtilities.swift */ = {isa = PBXFileReference; lastKnownFileType = sourcecode.swift; path = TestUtilities.swift; sourceTree = "<group>"; };
		483986252DE9D79C00B15F16 /* DishCategoryTests.swift */ = {isa = PBXFileReference; lastKnownFileType = sourcecode.swift; path = DishCategoryTests.swift; sourceTree = "<group>"; };
		4891315A2DEEE31C00BFDAA6 /* PersistencePerformanceTests.swift */ = {isa = PBXFileReference; lastKnownFileType = sourcecode.swift; path = PersistencePerformanceTests.swift; sourceTree = "<group>"; };
		4891315C2DEEE98C00BFDAA6 /* CoreDataFetchHelper.swift */ = {isa = PBXFileReference; lastKnownFileType = sourcecode.swift; path = CoreDataFetchHelper.swift; sourceTree = "<group>"; };
		489131602DEEE99500BFDAA6 /* CoreDataFetchHelperTests.swift */ = {isa = PBXFileReference; lastKnownFileType = sourcecode.swift; path = CoreDataFetchHelperTests.swift; sourceTree = "<group>"; };
		489131622DEF0A3A00BFDAA6 /* SearchOptimizationHelper.swift */ = {isa = PBXFileReference; lastKnownFileType = sourcecode.swift; path = SearchOptimizationHelper.swift; sourceTree = "<group>"; };
		489131662DEF0A4900BFDAA6 /* SearchOptimizationHelperTests.swift */ = {isa = PBXFileReference; lastKnownFileType = sourcecode.swift; path = SearchOptimizationHelperTests.swift; sourceTree = "<group>"; };
		489131682DEF14C800BFDAA6 /* StaticDataCacheManager.swift */ = {isa = PBXFileReference; lastKnownFileType = sourcecode.swift; path = StaticDataCacheManager.swift; sourceTree = "<group>"; };
		4891316C2DEF14D100BFDAA6 /* StaticDataCacheManagerTests.swift */ = {isa = PBXFileReference; lastKnownFileType = sourcecode.swift; path = StaticDataCacheManagerTests.swift; sourceTree = "<group>"; };
		A004ED752D11DC000081DDC0 /* FamilyMenuPlanner.app */ = {isa = PBXFileReference; explicitFileType = wrapper.application; includeInIndex = 0; path = FamilyMenuPlanner.app; sourceTree = BUILT_PRODUCTS_DIR; };
		A004ED782D11DC000081DDC0 /* FamilyMenuPlannerApp.swift */ = {isa = PBXFileReference; lastKnownFileType = sourcecode.swift; path = FamilyMenuPlannerApp.swift; sourceTree = "<group>"; };
		A004ED7A2D11DC000081DDC0 /* ContentView.swift */ = {isa = PBXFileReference; lastKnownFileType = sourcecode.swift; path = ContentView.swift; sourceTree = "<group>"; };
		A004ED7C2D11DC020081DDC0 /* Assets.xcassets */ = {isa = PBXFileReference; lastKnownFileType = folder.assetcatalog; path = Assets.xcassets; sourceTree = "<group>"; };
		A004ED812D11DC020081DDC0 /* Persistence.swift */ = {isa = PBXFileReference; lastKnownFileType = sourcecode.swift; path = Persistence.swift; sourceTree = "<group>"; };
		A004ED842D11DC020081DDC0 /* FamilyMenuPlanner.xcdatamodel */ = {isa = PBXFileReference; lastKnownFileType = wrapper.xcdatamodel; path = FamilyMenuPlanner.xcdatamodel; sourceTree = "<group>"; };
		A004ED862D11DC020081DDC0 /* Info.plist */ = {isa = PBXFileReference; lastKnownFileType = text.plist.xml; path = Info.plist; sourceTree = "<group>"; };
		A004ED8B2D11DC030081DDC0 /* FamilyMenuPlannerTests.xctest */ = {isa = PBXFileReference; explicitFileType = wrapper.cfbundle; includeInIndex = 0; path = FamilyMenuPlannerTests.xctest; sourceTree = BUILT_PRODUCTS_DIR; };
		A004ED952D11DC030081DDC0 /* FamilyMenuPlannerUITests.xctest */ = {isa = PBXFileReference; explicitFileType = wrapper.cfbundle; includeInIndex = 0; path = FamilyMenuPlannerUITests.xctest; sourceTree = BUILT_PRODUCTS_DIR; };
		A004ED992D11DC030081DDC0 /* FamilyMenuPlannerUITests.swift */ = {isa = PBXFileReference; lastKnownFileType = sourcecode.swift; path = FamilyMenuPlannerUITests.swift; sourceTree = "<group>"; };
		A004ED9B2D11DC030081DDC0 /* FamilyMenuPlannerUITestsLaunchTests.swift */ = {isa = PBXFileReference; lastKnownFileType = sourcecode.swift; path = FamilyMenuPlannerUITestsLaunchTests.swift; sourceTree = "<group>"; };
		A004EDA82D11DC900081DDC0 /* FamilyMenuPlanner.entitlements */ = {isa = PBXFileReference; lastKnownFileType = text.plist.entitlements; path = FamilyMenuPlanner.entitlements; sourceTree = "<group>"; };
		A057063F2D35157900D4496C /* AppStateManager.swift */ = {isa = PBXFileReference; lastKnownFileType = sourcecode.swift; path = AppStateManager.swift; sourceTree = "<group>"; };
		A05706482D36779800D4496C /* MenuViewModel.swift */ = {isa = PBXFileReference; lastKnownFileType = sourcecode.swift; path = MenuViewModel.swift; sourceTree = "<group>"; };
		A057064C2D3677BC00D4496C /* MenuService.swift */ = {isa = PBXFileReference; lastKnownFileType = sourcecode.swift; path = MenuService.swift; sourceTree = "<group>"; };
		A05706502D36901C00D4496C /* MenuCoordinator.swift */ = {isa = PBXFileReference; lastKnownFileType = sourcecode.swift; path = MenuCoordinator.swift; sourceTree = "<group>"; };
		A07E938A2D47F29C003940AE /* CommonUnitTests.swift */ = {isa = PBXFileReference; lastKnownFileType = sourcecode.swift; path = CommonUnitTests.swift; sourceTree = "<group>"; };
		A07F69DA2D3BA41700ECE326 /* DishSelectionViewModel.swift */ = {isa = PBXFileReference; lastKnownFileType = sourcecode.swift; path = DishSelectionViewModel.swift; sourceTree = "<group>"; };
		A07F69DE2D3BA69300ECE326 /* DishSelectionService.swift */ = {isa = PBXFileReference; lastKnownFileType = sourcecode.swift; path = DishSelectionService.swift; sourceTree = "<group>"; };
		A07F69E22D3BA89A00ECE326 /* DishSelectionCoordinator.swift */ = {isa = PBXFileReference; lastKnownFileType = sourcecode.swift; path = DishSelectionCoordinator.swift; sourceTree = "<group>"; };
		A07F69E82D3D061C00ECE326 /* ProductListViewModel.swift */ = {isa = PBXFileReference; lastKnownFileType = sourcecode.swift; path = ProductListViewModel.swift; sourceTree = "<group>"; };
		A07F69EC2D3D063700ECE326 /* ProductListService.swift */ = {isa = PBXFileReference; lastKnownFileType = sourcecode.swift; path = ProductListService.swift; sourceTree = "<group>"; };
		A07F69F02D3D065500ECE326 /* ProductListCoordinator.swift */ = {isa = PBXFileReference; lastKnownFileType = sourcecode.swift; path = ProductListCoordinator.swift; sourceTree = "<group>"; };
		A07F69F42D3D890200ECE326 /* AlertQueueManager.swift */ = {isa = PBXFileReference; lastKnownFileType = sourcecode.swift; path = AlertQueueManager.swift; sourceTree = "<group>"; };
		A0A3B4B32D3EC4F6009E8AE7 /* EditProductViewModel.swift */ = {isa = PBXFileReference; lastKnownFileType = sourcecode.swift; path = EditProductViewModel.swift; sourceTree = "<group>"; };
		A0A3B4B72D3EC51C009E8AE7 /* EditProductService.swift */ = {isa = PBXFileReference; lastKnownFileType = sourcecode.swift; path = EditProductService.swift; sourceTree = "<group>"; };
		A0A3B4BB2D3EC52F009E8AE7 /* EditProductCoordinator.swift */ = {isa = PBXFileReference; lastKnownFileType = sourcecode.swift; path = EditProductCoordinator.swift; sourceTree = "<group>"; };
		A0A3B4C22D43CB49009E8AE7 /* DishListView.swift */ = {isa = PBXFileReference; lastKnownFileType = sourcecode.swift; path = DishListView.swift; sourceTree = "<group>"; };
		A0A3B4C62D43CB53009E8AE7 /* DishListViewModel.swift */ = {isa = PBXFileReference; lastKnownFileType = sourcecode.swift; path = DishListViewModel.swift; sourceTree = "<group>"; };
		A0A3B4CA2D43CB66009E8AE7 /* DishListService.swift */ = {isa = PBXFileReference; lastKnownFileType = sourcecode.swift; path = DishListService.swift; sourceTree = "<group>"; };
		A0A3B4CE2D43CB73009E8AE7 /* DishListCoordinator.swift */ = {isa = PBXFileReference; lastKnownFileType = sourcecode.swift; path = DishListCoordinator.swift; sourceTree = "<group>"; };
		A0A3B4D22D43CEDF009E8AE7 /* DishDetailsView.swift */ = {isa = PBXFileReference; lastKnownFileType = sourcecode.swift; path = DishDetailsView.swift; sourceTree = "<group>"; };
		A0A3B4D62D43CEE8009E8AE7 /* DishDetailsViewModel.swift */ = {isa = PBXFileReference; lastKnownFileType = sourcecode.swift; path = DishDetailsViewModel.swift; sourceTree = "<group>"; };
		A0A3B4DA2D43CEF7009E8AE7 /* DishDetailsService.swift */ = {isa = PBXFileReference; lastKnownFileType = sourcecode.swift; path = DishDetailsService.swift; sourceTree = "<group>"; };
		A0A3B4DE2D43CF05009E8AE7 /* DishDetailsCoordinator.swift */ = {isa = PBXFileReference; lastKnownFileType = sourcecode.swift; path = DishDetailsCoordinator.swift; sourceTree = "<group>"; };
		A0A3B4E22D463B33009E8AE7 /* ProductSelectionViewModel.swift */ = {isa = PBXFileReference; lastKnownFileType = sourcecode.swift; path = ProductSelectionViewModel.swift; sourceTree = "<group>"; };
		A0A3B4E62D463B4E009E8AE7 /* ProductSelectionService.swift */ = {isa = PBXFileReference; lastKnownFileType = sourcecode.swift; path = ProductSelectionService.swift; sourceTree = "<group>"; };
		A0A3B4EA2D463B5B009E8AE7 /* ProductSelectionCoordinator.swift */ = {isa = PBXFileReference; lastKnownFileType = sourcecode.swift; path = ProductSelectionCoordinator.swift; sourceTree = "<group>"; };
		A0B998272D11FD7F00248F27 /* ProductListView.swift */ = {isa = PBXFileReference; lastKnownFileType = sourcecode.swift; path = ProductListView.swift; sourceTree = "<group>"; };
		A0B9982B2D11FEF200248F27 /* MenuView.swift */ = {isa = PBXFileReference; lastKnownFileType = sourcecode.swift; path = MenuView.swift; sourceTree = "<group>"; };
		A0D21EB02D145B410014AD78 /* ProductSelectionView.swift */ = {isa = PBXFileReference; lastKnownFileType = sourcecode.swift; path = ProductSelectionView.swift; sourceTree = "<group>"; };
		A0D21EBC2D156D680014AD78 /* en */ = {isa = PBXFileReference; lastKnownFileType = text.plist.strings; name = en; path = en.lproj/Localizable.strings; sourceTree = "<group>"; };
		A0D21EBE2D156D990014AD78 /* ru */ = {isa = PBXFileReference; lastKnownFileType = text.plist.strings; name = ru; path = ru.lproj/Localizable.strings; sourceTree = "<group>"; };
		A0D21EBF2D1574E70014AD78 /* LocalizationHelper.swift */ = {isa = PBXFileReference; lastKnownFileType = sourcecode.swift; path = LocalizationHelper.swift; sourceTree = "<group>"; };
		A0D21EC32D1575240014AD78 /* ViewHelper.swift */ = {isa = PBXFileReference; lastKnownFileType = sourcecode.swift; path = ViewHelper.swift; sourceTree = "<group>"; };
		A0D21ECA2D16A85C0014AD78 /* en */ = {isa = PBXFileReference; lastKnownFileType = text.json; name = en; path = en.lproj/preloadData.json; sourceTree = "<group>"; };
		A0D21ECC2D16A8660014AD78 /* ru */ = {isa = PBXFileReference; lastKnownFileType = text.json; name = ru; path = ru.lproj/preloadData.json; sourceTree = "<group>"; };
		A0D21ECD2D16B4570014AD78 /* NumbersHelper.swift */ = {isa = PBXFileReference; lastKnownFileType = sourcecode.swift; path = NumbersHelper.swift; sourceTree = "<group>"; };
		A0D21ED62D1AD3CD0014AD78 /* CalendarHelper.swift */ = {isa = PBXFileReference; lastKnownFileType = sourcecode.swift; path = CalendarHelper.swift; sourceTree = "<group>"; };
		A0DBD53D2D12A9D900C83BFD /* LaunchScreen.storyboard */ = {isa = PBXFileReference; lastKnownFileType = file.storyboard; path = LaunchScreen.storyboard; sourceTree = "<group>"; };
		A0DBD53F2D12AF8F00C83BFD /* EditProductView.swift */ = {isa = PBXFileReference; lastKnownFileType = sourcecode.swift; path = EditProductView.swift; sourceTree = "<group>"; };
		A0DBD5472D12C5C400C83BFD /* DishSelectionView.swift */ = {isa = PBXFileReference; lastKnownFileType = sourcecode.swift; path = DishSelectionView.swift; sourceTree = "<group>"; };
		A0DBD5502D12E90500C83BFD /* ShoppingListView.swift */ = {isa = PBXFileReference; lastKnownFileType = sourcecode.swift; path = ShoppingListView.swift; sourceTree = "<group>"; };
/* End PBXFileReference section */

/* Begin PBXFrameworksBuildPhase section */
		A004ED722D11DC000081DDC0 /* Frameworks */ = {
			isa = PBXFrameworksBuildPhase;
			buildActionMask = 2147483647;
			files = (
			);
			runOnlyForDeploymentPostprocessing = 0;
		};
		A004ED882D11DC030081DDC0 /* Frameworks */ = {
			isa = PBXFrameworksBuildPhase;
			buildActionMask = 2147483647;
			files = (
			);
			runOnlyForDeploymentPostprocessing = 0;
		};
		A004ED922D11DC030081DDC0 /* Frameworks */ = {
			isa = PBXFrameworksBuildPhase;
			buildActionMask = 2147483647;
			files = (
			);
			runOnlyForDeploymentPostprocessing = 0;
		};
/* End PBXFrameworksBuildPhase section */

/* Begin PBXGroup section */
		A004ED6C2D11DC000081DDC0 = {
			isa = PBXGroup;
			children = (
				A004ED772D11DC000081DDC0 /* FamilyMenuPlanner */,
				A004ED8E2D11DC030081DDC0 /* FamilyMenuPlannerTests */,
				A004ED982D11DC030081DDC0 /* FamilyMenuPlannerUITests */,
				A004ED762D11DC000081DDC0 /* Products */,
			);
			sourceTree = "<group>";
		};
		A004ED762D11DC000081DDC0 /* Products */ = {
			isa = PBXGroup;
			children = (
				A004ED752D11DC000081DDC0 /* FamilyMenuPlanner.app */,
				A004ED8B2D11DC030081DDC0 /* FamilyMenuPlannerTests.xctest */,
				A004ED952D11DC030081DDC0 /* FamilyMenuPlannerUITests.xctest */,
			);
			name = Products;
			sourceTree = "<group>";
		};
		A004ED772D11DC000081DDC0 /* FamilyMenuPlanner */ = {
			isa = PBXGroup;
			children = (
				A0D21EB42D156CBB0014AD78 /* Resources */,
				A0B998252D11FD4E00248F27 /* Menu */,
				A0B998242D11FD4000248F27 /* Products */,
				A0B998262D11FD5A00248F27 /* Dishes */,
				A0DBD54B2D12E01100C83BFD /* Common */,
				A004EDA82D11DC900081DDC0 /* FamilyMenuPlanner.entitlements */,
				A004ED782D11DC000081DDC0 /* FamilyMenuPlannerApp.swift */,
				A057063F2D35157900D4496C /* AppStateManager.swift */,
				A004ED7A2D11DC000081DDC0 /* ContentView.swift */,
				A004ED812D11DC020081DDC0 /* Persistence.swift */,
				A004ED862D11DC020081DDC0 /* Info.plist */,
				A004ED832D11DC020081DDC0 /* FamilyMenuPlanner.xcdatamodeld */,
			);
			path = FamilyMenuPlanner;
			sourceTree = "<group>";
		};
		A004ED8E2D11DC030081DDC0 /* FamilyMenuPlannerTests */ = {
			isa = PBXGroup;
			children = (
				489131602DEEE99500BFDAA6 /* CoreDataFetchHelperTests.swift */,
				48355B2A2DE77C5F00209255 /* TestUtilities.swift */,
				4891316C2DEF14D100BFDAA6 /* StaticDataCacheManagerTests.swift */,
				A07E938A2D47F29C003940AE /* CommonUnitTests.swift */,
				483986252DE9D79C00B15F16 /* DishCategoryTests.swift */,
				480520822DE7A739006555CE /* DishListUnitTests.swift */,
				480520812DE7A739006555CE /* DishListIntegrationTests.swift */,
				480520862DE7AA5E006555CE /* DishDetailsUnitTests.swift */,
				480520852DE7AA5E006555CE /* DishDetailsIntegrationTests.swift */,
				4805208A2DE889D9006555CE /* ProductSelectionUnitTests.swift */,
				480520892DE889D9006555CE /* ProductSelectionIntegrationTests.swift */,
				4891315A2DEEE31C00BFDAA6 /* PersistencePerformanceTests.swift */,
				48355B162DE744DC00209255 /* MenuUnitTests.swift */,
				48355B1E2DE7586400209255 /* MenuIntegrationTests.swift */,
				4825BC542DE635BB00671D4C /* ShoppingListUnitTests.swift */,
				489131662DEF0A4900BFDAA6 /* SearchOptimizationHelperTests.swift */,
				48355B1F2DE7586400209255 /* ShoppingListIntegrationTests.swift */,
				4825BC522DE634AA00671D4C /* DishSelectionUnitTests.swift */,
				48355B1C2DE74C1000209255 /* DishSelectionIntegrationTests.swift */,
				48355B272DE7688E00209255 /* ProductListUnitTests.swift */,
				48355B232DE767DC00209255 /* ProductListIntegrationTests.swift */,
				48355B262DE7688E00209255 /* EditProductUnitTests.swift */,
				48355B222DE767DC00209255 /* EditProductIntegrationTests.swift */,
			);
			path = FamilyMenuPlannerTests;
			sourceTree = "<group>";
		};
		A004ED982D11DC030081DDC0 /* FamilyMenuPlannerUITests */ = {
			isa = PBXGroup;
			children = (
				A004ED992D11DC030081DDC0 /* FamilyMenuPlannerUITests.swift */,
				A004ED9B2D11DC030081DDC0 /* FamilyMenuPlannerUITestsLaunchTests.swift */,
			);
			path = FamilyMenuPlannerUITests;
			sourceTree = "<group>";
		};
		A0499EF82D3BA3220003578F /* BaseMenu */ = {
			isa = PBXGroup;
			children = (
				A0B9982B2D11FEF200248F27 /* MenuView.swift */,
				A05706482D36779800D4496C /* MenuViewModel.swift */,
				A057064C2D3677BC00D4496C /* MenuService.swift */,
				A05706502D36901C00D4496C /* MenuCoordinator.swift */,
			);
			path = BaseMenu;
			sourceTree = "<group>";
		};
		A0499EF92D3BA33E0003578F /* DishSelection */ = {
			isa = PBXGroup;
			children = (
				A0DBD5472D12C5C400C83BFD /* DishSelectionView.swift */,
				A07F69DA2D3BA41700ECE326 /* DishSelectionViewModel.swift */,
				A07F69DE2D3BA69300ECE326 /* DishSelectionService.swift */,
				A07F69E22D3BA89A00ECE326 /* DishSelectionCoordinator.swift */,
			);
			path = DishSelection;
			sourceTree = "<group>";
		};
		A0499EFA2D3BA3680003578F /* ShoppingList */ = {
			isa = PBXGroup;
			children = (
				A0DBD5502D12E90500C83BFD /* ShoppingListView.swift */,
			);
			path = ShoppingList;
			sourceTree = "<group>";
		};
		A07F69E62D3D05CB00ECE326 /* ProductList */ = {
			isa = PBXGroup;
			children = (
				A0B998272D11FD7F00248F27 /* ProductListView.swift */,
				A07F69E82D3D061C00ECE326 /* ProductListViewModel.swift */,
				A07F69EC2D3D063700ECE326 /* ProductListService.swift */,
				A07F69F02D3D065500ECE326 /* ProductListCoordinator.swift */,
			);
			path = ProductList;
			sourceTree = "<group>";
		};
		A07F69E72D3D05DC00ECE326 /* Product */ = {
			isa = PBXGroup;
			children = (
				A0DBD53F2D12AF8F00C83BFD /* EditProductView.swift */,
				A0A3B4B32D3EC4F6009E8AE7 /* EditProductViewModel.swift */,
				A0A3B4B72D3EC51C009E8AE7 /* EditProductService.swift */,
				A0A3B4BB2D3EC52F009E8AE7 /* EditProductCoordinator.swift */,
			);
			path = Product;
			sourceTree = "<group>";
		};
		A0A3B4BF2D43CAFC009E8AE7 /* DishList */ = {
			isa = PBXGroup;
			children = (
				A0A3B4C22D43CB49009E8AE7 /* DishListView.swift */,
				A0A3B4C62D43CB53009E8AE7 /* DishListViewModel.swift */,
				A0A3B4CA2D43CB66009E8AE7 /* DishListService.swift */,
				A0A3B4CE2D43CB73009E8AE7 /* DishListCoordinator.swift */,
			);
			path = DishList;
			sourceTree = "<group>";
		};
		A0A3B4C02D43CB16009E8AE7 /* DishDetails */ = {
			isa = PBXGroup;
			children = (
				A0A3B4D22D43CEDF009E8AE7 /* DishDetailsView.swift */,
				A0A3B4D62D43CEE8009E8AE7 /* DishDetailsViewModel.swift */,
				A0A3B4DA2D43CEF7009E8AE7 /* DishDetailsService.swift */,
				A0A3B4DE2D43CF05009E8AE7 /* DishDetailsCoordinator.swift */,
			);
			path = DishDetails;
			sourceTree = "<group>";
		};
		A0A3B4C12D43CB20009E8AE7 /* ProductSelection */ = {
			isa = PBXGroup;
			children = (
				A0D21EB02D145B410014AD78 /* ProductSelectionView.swift */,
				A0A3B4E22D463B33009E8AE7 /* ProductSelectionViewModel.swift */,
				A0A3B4E62D463B4E009E8AE7 /* ProductSelectionService.swift */,
				A0A3B4EA2D463B5B009E8AE7 /* ProductSelectionCoordinator.swift */,
			);
			path = ProductSelection;
			sourceTree = "<group>";
		};
		A0B998242D11FD4000248F27 /* Products */ = {
			isa = PBXGroup;
			children = (
				A07F69E62D3D05CB00ECE326 /* ProductList */,
				A07F69E72D3D05DC00ECE326 /* Product */,
			);
			path = Products;
			sourceTree = "<group>";
		};
		A0B998252D11FD4E00248F27 /* Menu */ = {
			isa = PBXGroup;
			children = (
				A0499EF82D3BA3220003578F /* BaseMenu */,
				A0499EF92D3BA33E0003578F /* DishSelection */,
				A0499EFA2D3BA3680003578F /* ShoppingList */,
			);
			path = Menu;
			sourceTree = "<group>";
		};
		A0B998262D11FD5A00248F27 /* Dishes */ = {
			isa = PBXGroup;
			children = (
				A0A3B4BF2D43CAFC009E8AE7 /* DishList */,
				A0A3B4C02D43CB16009E8AE7 /* DishDetails */,
				A0A3B4C12D43CB20009E8AE7 /* ProductSelection */,
			);
			path = Dishes;
			sourceTree = "<group>";
		};
		A0D21EB42D156CBB0014AD78 /* Resources */ = {
			isa = PBXGroup;
			children = (
				A0DBD53D2D12A9D900C83BFD /* LaunchScreen.storyboard */,
				A0D21ECB2D16A85C0014AD78 /* preloadData.json */,
				A004ED7C2D11DC020081DDC0 /* Assets.xcassets */,
				A0D21EBD2D156D680014AD78 /* Localizable.strings */,
			);
			path = Resources;
			sourceTree = "<group>";
		};
		A0DBD54B2D12E01100C83BFD /* Common */ = {
			isa = PBXGroup;
			children = (
				A0D21EC32D1575240014AD78 /* ViewHelper.swift */,
				489131622DEF0A3A00BFDAA6 /* SearchOptimizationHelper.swift */,
				489131682DEF14C800BFDAA6 /* StaticDataCacheManager.swift */,
				A0D21EBF2D1574E70014AD78 /* LocalizationHelper.swift */,
				A0D21ECD2D16B4570014AD78 /* NumbersHelper.swift */,
				4891315C2DEEE98C00BFDAA6 /* CoreDataFetchHelper.swift */,
				A0D21ED62D1AD3CD0014AD78 /* CalendarHelper.swift */,
				A07F69F42D3D890200ECE326 /* AlertQueueManager.swift */,
			);
			path = Common;
			sourceTree = "<group>";
		};
/* End PBXGroup section */

/* Begin PBXNativeTarget section */
		A004ED742D11DC000081DDC0 /* FamilyMenuPlanner */ = {
			isa = PBXNativeTarget;
			buildConfigurationList = A004ED9F2D11DC030081DDC0 /* Build configuration list for PBXNativeTarget "FamilyMenuPlanner" */;
			buildPhases = (
				A004ED712D11DC000081DDC0 /* Sources */,
				A004ED722D11DC000081DDC0 /* Frameworks */,
				A004ED732D11DC000081DDC0 /* Resources */,
			);
			buildRules = (
			);
			dependencies = (
			);
			name = FamilyMenuPlanner;
			productName = FamilyMenuPlanner;
			productReference = A004ED752D11DC000081DDC0 /* FamilyMenuPlanner.app */;
			productType = "com.apple.product-type.application";
		};
		A004ED8A2D11DC030081DDC0 /* FamilyMenuPlannerTests */ = {
			isa = PBXNativeTarget;
			buildConfigurationList = A004EDA22D11DC030081DDC0 /* Build configuration list for PBXNativeTarget "FamilyMenuPlannerTests" */;
			buildPhases = (
				A004ED872D11DC030081DDC0 /* Sources */,
				A004ED882D11DC030081DDC0 /* Frameworks */,
				A004ED892D11DC030081DDC0 /* Resources */,
			);
			buildRules = (
			);
			dependencies = (
				A004ED8D2D11DC030081DDC0 /* PBXTargetDependency */,
			);
			name = FamilyMenuPlannerTests;
			productName = FamilyMenuPlannerTests;
			productReference = A004ED8B2D11DC030081DDC0 /* FamilyMenuPlannerTests.xctest */;
			productType = "com.apple.product-type.bundle.unit-test";
		};
		A004ED942D11DC030081DDC0 /* FamilyMenuPlannerUITests */ = {
			isa = PBXNativeTarget;
			buildConfigurationList = A004EDA52D11DC030081DDC0 /* Build configuration list for PBXNativeTarget "FamilyMenuPlannerUITests" */;
			buildPhases = (
				A004ED912D11DC030081DDC0 /* Sources */,
				A004ED922D11DC030081DDC0 /* Frameworks */,
				A004ED932D11DC030081DDC0 /* Resources */,
			);
			buildRules = (
			);
			dependencies = (
				A004ED972D11DC030081DDC0 /* PBXTargetDependency */,
			);
			name = FamilyMenuPlannerUITests;
			productName = FamilyMenuPlannerUITests;
			productReference = A004ED952D11DC030081DDC0 /* FamilyMenuPlannerUITests.xctest */;
			productType = "com.apple.product-type.bundle.ui-testing";
		};
/* End PBXNativeTarget section */

/* Begin PBXProject section */
		A004ED6D2D11DC000081DDC0 /* Project object */ = {
			isa = PBXProject;
			attributes = {
				BuildIndependentTargetsInParallel = 1;
				LastSwiftUpdateCheck = 1420;
				LastUpgradeCheck = 1630;
				TargetAttributes = {
					A004ED742D11DC000081DDC0 = {
						CreatedOnToolsVersion = 14.2;
					};
					A004ED8A2D11DC030081DDC0 = {
						CreatedOnToolsVersion = 14.2;
						TestTargetID = A004ED742D11DC000081DDC0;
					};
					A004ED942D11DC030081DDC0 = {
						CreatedOnToolsVersion = 14.2;
						TestTargetID = A004ED742D11DC000081DDC0;
					};
				};
			};
			buildConfigurationList = A004ED702D11DC000081DDC0 /* Build configuration list for PBXProject "FamilyMenuPlanner" */;
			compatibilityVersion = "Xcode 14.0";
			developmentRegion = en;
			hasScannedForEncodings = 0;
			knownRegions = (
				en,
				ru,
				Base,
			);
			mainGroup = A004ED6C2D11DC000081DDC0;
			productRefGroup = A004ED762D11DC000081DDC0 /* Products */;
			projectDirPath = "";
			projectRoot = "";
			targets = (
				A004ED742D11DC000081DDC0 /* FamilyMenuPlanner */,
				A004ED8A2D11DC030081DDC0 /* FamilyMenuPlannerTests */,
				A004ED942D11DC030081DDC0 /* FamilyMenuPlannerUITests */,
			);
		};
/* End PBXProject section */

/* Begin PBXResourcesBuildPhase section */
		A004ED732D11DC000081DDC0 /* Resources */ = {
			isa = PBXResourcesBuildPhase;
			buildActionMask = 2147483647;
			files = (
				A0D21EB92D156D680014AD78 /* Localizable.strings in Resources */,
				A0D21EC72D16A85C0014AD78 /* preloadData.json in Resources */,
				A0DBD53E2D12A9D900C83BFD /* LaunchScreen.storyboard in Resources */,
				A004ED7D2D11DC020081DDC0 /* Assets.xcassets in Resources */,
			);
			runOnlyForDeploymentPostprocessing = 0;
		};
		A004ED892D11DC030081DDC0 /* Resources */ = {
			isa = PBXResourcesBuildPhase;
			buildActionMask = 2147483647;
			files = (
				A0D21EC82D16A85C0014AD78 /* preloadData.json in Resources */,
				A0D21EBA2D156D680014AD78 /* Localizable.strings in Resources */,
			);
			runOnlyForDeploymentPostprocessing = 0;
		};
		A004ED932D11DC030081DDC0 /* Resources */ = {
			isa = PBXResourcesBuildPhase;
			buildActionMask = 2147483647;
			files = (
				A0D21EC92D16A85C0014AD78 /* preloadData.json in Resources */,
				A0D21EBB2D156D680014AD78 /* Localizable.strings in Resources */,
			);
			runOnlyForDeploymentPostprocessing = 0;
		};
/* End PBXResourcesBuildPhase section */

/* Begin PBXSourcesBuildPhase section */
		A004ED712D11DC000081DDC0 /* Sources */ = {
			isa = PBXSourcesBuildPhase;
			buildActionMask = 2147483647;
			files = (
				A0A3B4BC2D3EC52F009E8AE7 /* EditProductCoordinator.swift in Sources */,
				4891315D2DEEE98C00BFDAA6 /* CoreDataFetchHelper.swift in Sources */,
				A0DBD5402D12AF8F00C83BFD /* EditProductView.swift in Sources */,
				489131652DEF0A3A00BFDAA6 /* SearchOptimizationHelper.swift in Sources */,
				A07F69E92D3D061C00ECE326 /* ProductListViewModel.swift in Sources */,
				A004ED822D11DC020081DDC0 /* Persistence.swift in Sources */,
				A0D21EC02D1574E70014AD78 /* LocalizationHelper.swift in Sources */,
				A05706492D36779800D4496C /* MenuViewModel.swift in Sources */,
				A0A3B4B42D3EC4F6009E8AE7 /* EditProductViewModel.swift in Sources */,
				A0A3B4E32D463B33009E8AE7 /* ProductSelectionViewModel.swift in Sources */,
				A0A3B4CB2D43CB66009E8AE7 /* DishListService.swift in Sources */,
				A07F69DF2D3BA69300ECE326 /* DishSelectionService.swift in Sources */,
				A0B9982C2D11FEF200248F27 /* MenuView.swift in Sources */,
				A004ED852D11DC020081DDC0 /* FamilyMenuPlanner.xcdatamodeld in Sources */,
				A0A3B4C32D43CB49009E8AE7 /* DishListView.swift in Sources */,
				A0A3B4D32D43CEDF009E8AE7 /* DishDetailsView.swift in Sources */,
				A05706402D35157900D4496C /* AppStateManager.swift in Sources */,
				A0D21ED72D1AD3CD0014AD78 /* CalendarHelper.swift in Sources */,
				A07F69E32D3BA89A00ECE326 /* DishSelectionCoordinator.swift in Sources */,
				A07F69F12D3D065500ECE326 /* ProductListCoordinator.swift in Sources */,
				A0A3B4DB2D43CEF7009E8AE7 /* DishDetailsService.swift in Sources */,
				A0A3B4B82D3EC51C009E8AE7 /* EditProductService.swift in Sources */,
				A0A3B4D72D43CEE8009E8AE7 /* DishDetailsViewModel.swift in Sources */,
				A0A3B4C72D43CB53009E8AE7 /* DishListViewModel.swift in Sources */,
				A004ED7B2D11DC000081DDC0 /* ContentView.swift in Sources */,
				A0DBD5512D12E90500C83BFD /* ShoppingListView.swift in Sources */,
				A0A3B4E72D463B4E009E8AE7 /* ProductSelectionService.swift in Sources */,
				A0D21ECE2D16B4570014AD78 /* NumbersHelper.swift in Sources */,
				A0D21EC42D1575240014AD78 /* ViewHelper.swift in Sources */,
				A0DBD5482D12C5C400C83BFD /* DishSelectionView.swift in Sources */,
				A0A3B4EB2D463B5B009E8AE7 /* ProductSelectionCoordinator.swift in Sources */,
				A004ED792D11DC000081DDC0 /* FamilyMenuPlannerApp.swift in Sources */,
				A0B998282D11FD7F00248F27 /* ProductListView.swift in Sources */,
				A07F69F52D3D890200ECE326 /* AlertQueueManager.swift in Sources */,
				A057064D2D3677BC00D4496C /* MenuService.swift in Sources */,
				A05706512D36901C00D4496C /* MenuCoordinator.swift in Sources */,
				4891316B2DEF14C800BFDAA6 /* StaticDataCacheManager.swift in Sources */,
				A0A3B4DF2D43CF05009E8AE7 /* DishDetailsCoordinator.swift in Sources */,
				A0A3B4CF2D43CB73009E8AE7 /* DishListCoordinator.swift in Sources */,
				A0D21EB12D145B410014AD78 /* ProductSelectionView.swift in Sources */,
				A07F69DB2D3BA41700ECE326 /* DishSelectionViewModel.swift in Sources */,
				A07F69ED2D3D063800ECE326 /* ProductListService.swift in Sources */,
			);
			runOnlyForDeploymentPostprocessing = 0;
		};
		A004ED872D11DC030081DDC0 /* Sources */ = {
			isa = PBXSourcesBuildPhase;
			buildActionMask = 2147483647;
			files = (
				48355B282DE7688E00209255 /* EditProductUnitTests.swift in Sources */,
				48355B292DE7688E00209255 /* ProductListUnitTests.swift in Sources */,
				A07F69F62D3D890200ECE326 /* AlertQueueManager.swift in Sources */,
				A0A3B4CC2D43CB66009E8AE7 /* DishListService.swift in Sources */,
				A07F69EA2D3D061C00ECE326 /* ProductListViewModel.swift in Sources */,
				A07F69E02D3BA69300ECE326 /* DishSelectionService.swift in Sources */,
				4891316D2DEF14D100BFDAA6 /* StaticDataCacheManagerTests.swift in Sources */,
				48355B242DE767DC00209255 /* EditProductIntegrationTests.swift in Sources */,
				48355B252DE767DC00209255 /* ProductListIntegrationTests.swift in Sources */,
				A07F69EE2D3D063800ECE326 /* ProductListService.swift in Sources */,
				A0D21EC12D1574E70014AD78 /* LocalizationHelper.swift in Sources */,
				A0A3B4C82D43CB53009E8AE7 /* DishListViewModel.swift in Sources */,
				483986262DE9D79C00B15F16 /* DishCategoryTests.swift in Sources */,
				A0A3B4DC2D43CEF7009E8AE7 /* DishDetailsService.swift in Sources */,
				4825BC532DE634AA00671D4C /* DishSelectionUnitTests.swift in Sources */,
				A057064E2D3677BC00D4496C /* MenuService.swift in Sources */,
				4825BC552DE635CA00671D4C /* ShoppingListUnitTests.swift in Sources */,
				48355B2B2DE77C5F00209255 /* TestUtilities.swift in Sources */,
				48355B1D2DE74C1000209255 /* DishSelectionIntegrationTests.swift in Sources */,
				489131642DEF0A3A00BFDAA6 /* SearchOptimizationHelper.swift in Sources */,
				A0A3B4B92D3EC51C009E8AE7 /* EditProductService.swift in Sources */,
				A05706412D35157900D4496C /* AppStateManager.swift in Sources */,
				A07E938C2D47F405003940AE /* FamilyMenuPlanner.xcdatamodeld in Sources */,
				4891316A2DEF14C800BFDAA6 /* StaticDataCacheManager.swift in Sources */,
				A0A3B4E82D463B4E009E8AE7 /* ProductSelectionService.swift in Sources */,
				A0A3B4E42D463B33009E8AE7 /* ProductSelectionViewModel.swift in Sources */,
				489131672DEF0A4900BFDAA6 /* SearchOptimizationHelperTests.swift in Sources */,
				48355B202DE7586400209255 /* MenuIntegrationTests.swift in Sources */,
				48355B212DE7586400209255 /* ShoppingListIntegrationTests.swift in Sources */,
				A07F69DC2D3BA41700ECE326 /* DishSelectionViewModel.swift in Sources */,
				A0D21ECF2D16B4570014AD78 /* NumbersHelper.swift in Sources */,
				4891315B2DEEE31C00BFDAA6 /* PersistencePerformanceTests.swift in Sources */,
				A0A3B4B52D3EC4F6009E8AE7 /* EditProductViewModel.swift in Sources */,
				48355B172DE744DC00209255 /* MenuUnitTests.swift in Sources */,
				A07E938E2D47F414003940AE /* Persistence.swift in Sources */,
				A0D21ED82D1AD3CD0014AD78 /* CalendarHelper.swift in Sources */,
				A0A3B4D82D43CEE8009E8AE7 /* DishDetailsViewModel.swift in Sources */,
				4805208B2DE889D9006555CE /* ProductSelectionIntegrationTests.swift in Sources */,
				4805208C2DE889D9006555CE /* ProductSelectionUnitTests.swift in Sources */,
				480520832DE7A739006555CE /* DishListUnitTests.swift in Sources */,
				480520842DE7A739006555CE /* DishListIntegrationTests.swift in Sources */,
				4891315F2DEEE98C00BFDAA6 /* CoreDataFetchHelper.swift in Sources */,
				480520872DE7AA5E006555CE /* DishDetailsUnitTests.swift in Sources */,
				480520882DE7AA5E006555CE /* DishDetailsIntegrationTests.swift in Sources */,
				A07E938B2D47F29C003940AE /* CommonUnitTests.swift in Sources */,
				A057064A2D36779800D4496C /* MenuViewModel.swift in Sources */,
				489131612DEEE99500BFDAA6 /* CoreDataFetchHelperTests.swift in Sources */,
			);
			runOnlyForDeploymentPostprocessing = 0;
		};
		A004ED912D11DC030081DDC0 /* Sources */ = {
			isa = PBXSourcesBuildPhase;
			buildActionMask = 2147483647;
			files = (
				A07F69E12D3BA69300ECE326 /* DishSelectionService.swift in Sources */,
				A0B9982A2D11FD7F00248F27 /* ProductListView.swift in Sources */,
				A0A3B4C92D43CB53009E8AE7 /* DishListViewModel.swift in Sources */,
				A07F69E52D3BA89A00ECE326 /* DishSelectionCoordinator.swift in Sources */,
				A0A3B4D92D43CEE8009E8AE7 /* DishDetailsViewModel.swift in Sources */,
				A0A3B4CD2D43CB66009E8AE7 /* DishListService.swift in Sources */,
				A0B9982E2D11FEF200248F27 /* MenuView.swift in Sources */,
				A0DBD5412D12AF9300C83BFD /* EditProductView.swift in Sources */,
				A0D21ED02D16B4570014AD78 /* NumbersHelper.swift in Sources */,
				A004ED9C2D11DC030081DDC0 /* FamilyMenuPlannerUITestsLaunchTests.swift in Sources */,
				A07F69EF2D3D063800ECE326 /* ProductListService.swift in Sources */,
				A07F69F72D3D890200ECE326 /* AlertQueueManager.swift in Sources */,
				A0D21EC62D1575240014AD78 /* ViewHelper.swift in Sources */,
				A0DBD5532D12E90500C83BFD /* ShoppingListView.swift in Sources */,
				A07E93932D47F41D003940AE /* FamilyMenuPlannerApp.swift in Sources */,
				A0A3B4B62D3EC4F6009E8AE7 /* EditProductViewModel.swift in Sources */,
				A07E938D2D47F406003940AE /* FamilyMenuPlanner.xcdatamodeld in Sources */,
				A0A3B4D52D43CEDF009E8AE7 /* DishDetailsView.swift in Sources */,
				A0D21EB32D145B410014AD78 /* ProductSelectionView.swift in Sources */,
				A0D21ED92D1AD3CD0014AD78 /* CalendarHelper.swift in Sources */,
				A0D21EC22D1574E70014AD78 /* LocalizationHelper.swift in Sources */,
				489131632DEF0A3A00BFDAA6 /* SearchOptimizationHelper.swift in Sources */,
				A07F69EB2D3D061C00ECE326 /* ProductListViewModel.swift in Sources */,
				A0A3B4E52D463B33009E8AE7 /* ProductSelectionViewModel.swift in Sources */,
				A0A3B4C52D43CB49009E8AE7 /* DishListView.swift in Sources */,
				A05706532D36901C00D4496C /* MenuCoordinator.swift in Sources */,
				A0A3B4BE2D3EC52F009E8AE7 /* EditProductCoordinator.swift in Sources */,
				A05706422D35157900D4496C /* AppStateManager.swift in Sources */,
				489131692DEF14C800BFDAA6 /* StaticDataCacheManager.swift in Sources */,
				A07E93912D47F418003940AE /* ContentView.swift in Sources */,
				A057064F2D3677BC00D4496C /* MenuService.swift in Sources */,
				A057064B2D36779800D4496C /* MenuViewModel.swift in Sources */,
				A07F69DD2D3BA41700ECE326 /* DishSelectionViewModel.swift in Sources */,
				A0A3B4ED2D463B5B009E8AE7 /* ProductSelectionCoordinator.swift in Sources */,
				A0A3B4E12D43CF05009E8AE7 /* DishDetailsCoordinator.swift in Sources */,
				A004ED9A2D11DC030081DDC0 /* FamilyMenuPlannerUITests.swift in Sources */,
				A07F69F32D3D065500ECE326 /* ProductListCoordinator.swift in Sources */,
				A07E938F2D47F414003940AE /* Persistence.swift in Sources */,
				A0DBD54A2D12C5C400C83BFD /* DishSelectionView.swift in Sources */,
				4891315E2DEEE98C00BFDAA6 /* CoreDataFetchHelper.swift in Sources */,
				A0A3B4DD2D43CEF7009E8AE7 /* DishDetailsService.swift in Sources */,
				A0A3B4BA2D3EC51C009E8AE7 /* EditProductService.swift in Sources */,
				A0A3B4D12D43CB73009E8AE7 /* DishListCoordinator.swift in Sources */,
				A0A3B4E92D463B4E009E8AE7 /* ProductSelectionService.swift in Sources */,
			);
			runOnlyForDeploymentPostprocessing = 0;
		};
/* End PBXSourcesBuildPhase section */

/* Begin PBXTargetDependency section */
		A004ED8D2D11DC030081DDC0 /* PBXTargetDependency */ = {
			isa = PBXTargetDependency;
			target = A004ED742D11DC000081DDC0 /* FamilyMenuPlanner */;
			targetProxy = A004ED8C2D11DC030081DDC0 /* PBXContainerItemProxy */;
		};
		A004ED972D11DC030081DDC0 /* PBXTargetDependency */ = {
			isa = PBXTargetDependency;
			target = A004ED742D11DC000081DDC0 /* FamilyMenuPlanner */;
			targetProxy = A004ED962D11DC030081DDC0 /* PBXContainerItemProxy */;
		};
/* End PBXTargetDependency section */

/* Begin PBXVariantGroup section */
		A0D21EBD2D156D680014AD78 /* Localizable.strings */ = {
			isa = PBXVariantGroup;
			children = (
				A0D21EBC2D156D680014AD78 /* en */,
				A0D21EBE2D156D990014AD78 /* ru */,
			);
			name = Localizable.strings;
			sourceTree = "<group>";
		};
		A0D21ECB2D16A85C0014AD78 /* preloadData.json */ = {
			isa = PBXVariantGroup;
			children = (
				A0D21ECA2D16A85C0014AD78 /* en */,
				A0D21ECC2D16A8660014AD78 /* ru */,
			);
			name = preloadData.json;
			sourceTree = "<group>";
		};
/* End PBXVariantGroup section */

/* Begin XCBuildConfiguration section */
		A004ED9D2D11DC030081DDC0 /* Debug */ = {
			isa = XCBuildConfiguration;
			buildSettings = {
				ALWAYS_SEARCH_USER_PATHS = NO;
				CLANG_ANALYZER_LOCALIZABILITY_NONLOCALIZED = YES;
				CLANG_ANALYZER_NONNULL = YES;
				CLANG_ANALYZER_NUMBER_OBJECT_CONVERSION = YES_AGGRESSIVE;
				CLANG_CXX_LANGUAGE_STANDARD = "gnu++20";
				CLANG_ENABLE_MODULES = YES;
				CLANG_ENABLE_OBJC_ARC = YES;
				CLANG_ENABLE_OBJC_WEAK = YES;
				CLANG_WARN_BLOCK_CAPTURE_AUTORELEASING = YES;
				CLANG_WARN_BOOL_CONVERSION = YES;
				CLANG_WARN_COMMA = YES;
				CLANG_WARN_CONSTANT_CONVERSION = YES;
				CLANG_WARN_DEPRECATED_OBJC_IMPLEMENTATIONS = YES;
				CLANG_WARN_DIRECT_OBJC_ISA_USAGE = YES_ERROR;
				CLANG_WARN_DOCUMENTATION_COMMENTS = YES;
				CLANG_WARN_EMPTY_BODY = YES;
				CLANG_WARN_ENUM_CONVERSION = YES;
				CLANG_WARN_INFINITE_RECURSION = YES;
				CLANG_WARN_INT_CONVERSION = YES;
				CLANG_WARN_NON_LITERAL_NULL_CONVERSION = YES;
				CLANG_WARN_OBJC_IMPLICIT_RETAIN_SELF = YES;
				CLANG_WARN_OBJC_LITERAL_CONVERSION = YES;
				CLANG_WARN_OBJC_ROOT_CLASS = YES_ERROR;
				CLANG_WARN_QUOTED_INCLUDE_IN_FRAMEWORK_HEADER = YES;
				CLANG_WARN_RANGE_LOOP_ANALYSIS = YES;
				CLANG_WARN_STRICT_PROTOTYPES = YES;
				CLANG_WARN_SUSPICIOUS_MOVE = YES;
				CLANG_WARN_UNGUARDED_AVAILABILITY = YES_AGGRESSIVE;
				CLANG_WARN_UNREACHABLE_CODE = YES;
				CLANG_WARN__DUPLICATE_METHOD_MATCH = YES;
				COPY_PHASE_STRIP = NO;
				DEBUG_INFORMATION_FORMAT = dwarf;
				ENABLE_STRICT_OBJC_MSGSEND = YES;
				ENABLE_TESTABILITY = YES;
				ENABLE_USER_SCRIPT_SANDBOXING = YES;
				GCC_C_LANGUAGE_STANDARD = gnu11;
				GCC_DYNAMIC_NO_PIC = NO;
				GCC_NO_COMMON_BLOCKS = YES;
				GCC_OPTIMIZATION_LEVEL = 0;
				GCC_PREPROCESSOR_DEFINITIONS = (
					"DEBUG=1",
					"$(inherited)",
				);
				GCC_WARN_64_TO_32_BIT_CONVERSION = YES;
				GCC_WARN_ABOUT_RETURN_TYPE = YES_ERROR;
				GCC_WARN_UNDECLARED_SELECTOR = YES;
				GCC_WARN_UNINITIALIZED_AUTOS = YES_AGGRESSIVE;
				GCC_WARN_UNUSED_FUNCTION = YES;
				GCC_WARN_UNUSED_VARIABLE = YES;
				IPHONEOS_DEPLOYMENT_TARGET = 14.0;
				MTL_ENABLE_DEBUG_INFO = INCLUDE_SOURCE;
				MTL_FAST_MATH = YES;
				ONLY_ACTIVE_ARCH = YES;
				SDKROOT = iphoneos;
				SWIFT_ACTIVE_COMPILATION_CONDITIONS = DEBUG;
				SWIFT_OPTIMIZATION_LEVEL = "-Onone";
			};
			name = Debug;
		};
		A004ED9E2D11DC030081DDC0 /* Release */ = {
			isa = XCBuildConfiguration;
			buildSettings = {
				ALWAYS_SEARCH_USER_PATHS = NO;
				CLANG_ANALYZER_LOCALIZABILITY_NONLOCALIZED = YES;
				CLANG_ANALYZER_NONNULL = YES;
				CLANG_ANALYZER_NUMBER_OBJECT_CONVERSION = YES_AGGRESSIVE;
				CLANG_CXX_LANGUAGE_STANDARD = "gnu++20";
				CLANG_ENABLE_MODULES = YES;
				CLANG_ENABLE_OBJC_ARC = YES;
				CLANG_ENABLE_OBJC_WEAK = YES;
				CLANG_WARN_BLOCK_CAPTURE_AUTORELEASING = YES;
				CLANG_WARN_BOOL_CONVERSION = YES;
				CLANG_WARN_COMMA = YES;
				CLANG_WARN_CONSTANT_CONVERSION = YES;
				CLANG_WARN_DEPRECATED_OBJC_IMPLEMENTATIONS = YES;
				CLANG_WARN_DIRECT_OBJC_ISA_USAGE = YES_ERROR;
				CLANG_WARN_DOCUMENTATION_COMMENTS = YES;
				CLANG_WARN_EMPTY_BODY = YES;
				CLANG_WARN_ENUM_CONVERSION = YES;
				CLANG_WARN_INFINITE_RECURSION = YES;
				CLANG_WARN_INT_CONVERSION = YES;
				CLANG_WARN_NON_LITERAL_NULL_CONVERSION = YES;
				CLANG_WARN_OBJC_IMPLICIT_RETAIN_SELF = YES;
				CLANG_WARN_OBJC_LITERAL_CONVERSION = YES;
				CLANG_WARN_OBJC_ROOT_CLASS = YES_ERROR;
				CLANG_WARN_QUOTED_INCLUDE_IN_FRAMEWORK_HEADER = YES;
				CLANG_WARN_RANGE_LOOP_ANALYSIS = YES;
				CLANG_WARN_STRICT_PROTOTYPES = YES;
				CLANG_WARN_SUSPICIOUS_MOVE = YES;
				CLANG_WARN_UNGUARDED_AVAILABILITY = YES_AGGRESSIVE;
				CLANG_WARN_UNREACHABLE_CODE = YES;
				CLANG_WARN__DUPLICATE_METHOD_MATCH = YES;
				COPY_PHASE_STRIP = NO;
				DEBUG_INFORMATION_FORMAT = "dwarf-with-dsym";
				ENABLE_NS_ASSERTIONS = NO;
				ENABLE_STRICT_OBJC_MSGSEND = YES;
				ENABLE_USER_SCRIPT_SANDBOXING = YES;
				GCC_C_LANGUAGE_STANDARD = gnu11;
				GCC_NO_COMMON_BLOCKS = YES;
				GCC_WARN_64_TO_32_BIT_CONVERSION = YES;
				GCC_WARN_ABOUT_RETURN_TYPE = YES_ERROR;
				GCC_WARN_UNDECLARED_SELECTOR = YES;
				GCC_WARN_UNINITIALIZED_AUTOS = YES_AGGRESSIVE;
				GCC_WARN_UNUSED_FUNCTION = YES;
				GCC_WARN_UNUSED_VARIABLE = YES;
				IPHONEOS_DEPLOYMENT_TARGET = 14.0;
				MTL_ENABLE_DEBUG_INFO = NO;
				MTL_FAST_MATH = YES;
				SDKROOT = iphoneos;
				SWIFT_COMPILATION_MODE = wholemodule;
				SWIFT_OPTIMIZATION_LEVEL = "-O";
				VALIDATE_PRODUCT = YES;
			};
			name = Release;
		};
		A004EDA02D11DC030081DDC0 /* Debug */ = {
			isa = XCBuildConfiguration;
			buildSettings = {
				ASSETCATALOG_COMPILER_APPICON_NAME = AppIcon;
				ASSETCATALOG_COMPILER_GLOBAL_ACCENT_COLOR_NAME = AccentColor;
				ASSETCATALOG_COMPILER_INCLUDE_ALL_APPICON_ASSETS = NO;
				CODE_SIGN_ENTITLEMENTS = FamilyMenuPlanner/FamilyMenuPlanner.entitlements;
				CODE_SIGN_STYLE = Automatic;
				CURRENT_PROJECT_VERSION = 1;
				DEVELOPMENT_ASSET_PATHS = "";
				DEVELOPMENT_TEAM = TW4M5HXN5U;
				ENABLE_PREVIEWS = YES;
				GENERATE_INFOPLIST_FILE = YES;
				INFOPLIST_FILE = FamilyMenuPlanner/Info.plist;
				INFOPLIST_KEY_CFBundleDisplayName = Plantry;
				INFOPLIST_KEY_LSApplicationCategoryType = "public.app-category.food-and-drink";
				INFOPLIST_KEY_UIApplicationSupportsIndirectInputEvents = YES;
				INFOPLIST_KEY_UILaunchStoryboardName = LaunchScreen.storyboard;
				INFOPLIST_KEY_UIRequiresFullScreen = NO;
				INFOPLIST_KEY_UISupportedInterfaceOrientations_iPad = "UIInterfaceOrientationPortrait UIInterfaceOrientationPortraitUpsideDown UIInterfaceOrientationLandscapeLeft UIInterfaceOrientationLandscapeRight";
				INFOPLIST_KEY_UISupportedInterfaceOrientations_iPhone = "UIInterfaceOrientationPortrait UIInterfaceOrientationLandscapeLeft UIInterfaceOrientationLandscapeRight";
				IPHONEOS_DEPLOYMENT_TARGET = 16.0;
				LD_RUNPATH_SEARCH_PATHS = (
					"$(inherited)",
					"@executable_path/Frameworks",
				);
				MARKETING_VERSION = 1.0;
				PRODUCT_BUNDLE_IDENTIFIER = com.pivovar.FamilyMenuPlanner;
				PRODUCT_NAME = "$(TARGET_NAME)";
				SWIFT_EMIT_LOC_STRINGS = YES;
				SWIFT_VERSION = 5.0;
				TARGETED_DEVICE_FAMILY = "1,2";
			};
			name = Debug;
		};
		A004EDA12D11DC030081DDC0 /* Release */ = {
			isa = XCBuildConfiguration;
			buildSettings = {
				ASSETCATALOG_COMPILER_APPICON_NAME = AppIcon;
				ASSETCATALOG_COMPILER_GLOBAL_ACCENT_COLOR_NAME = AccentColor;
				ASSETCATALOG_COMPILER_INCLUDE_ALL_APPICON_ASSETS = NO;
				CODE_SIGN_ENTITLEMENTS = FamilyMenuPlanner/FamilyMenuPlanner.entitlements;
				CODE_SIGN_STYLE = Automatic;
				CURRENT_PROJECT_VERSION = 1;
				DEVELOPMENT_ASSET_PATHS = "";
				DEVELOPMENT_TEAM = TW4M5HXN5U;
				ENABLE_PREVIEWS = YES;
				GENERATE_INFOPLIST_FILE = YES;
				INFOPLIST_FILE = FamilyMenuPlanner/Info.plist;
				INFOPLIST_KEY_CFBundleDisplayName = Plantry;
				INFOPLIST_KEY_LSApplicationCategoryType = "public.app-category.food-and-drink";
				INFOPLIST_KEY_UIApplicationSupportsIndirectInputEvents = YES;
				INFOPLIST_KEY_UILaunchStoryboardName = LaunchScreen.storyboard;
				INFOPLIST_KEY_UIRequiresFullScreen = NO;
				INFOPLIST_KEY_UISupportedInterfaceOrientations_iPad = "UIInterfaceOrientationPortrait UIInterfaceOrientationPortraitUpsideDown UIInterfaceOrientationLandscapeLeft UIInterfaceOrientationLandscapeRight";
				INFOPLIST_KEY_UISupportedInterfaceOrientations_iPhone = "UIInterfaceOrientationPortrait UIInterfaceOrientationLandscapeLeft UIInterfaceOrientationLandscapeRight";
				IPHONEOS_DEPLOYMENT_TARGET = 16.0;
				LD_RUNPATH_SEARCH_PATHS = (
					"$(inherited)",
					"@executable_path/Frameworks",
				);
				MARKETING_VERSION = 1.0;
				PRODUCT_BUNDLE_IDENTIFIER = com.pivovar.FamilyMenuPlanner;
				PRODUCT_NAME = "$(TARGET_NAME)";
				SWIFT_EMIT_LOC_STRINGS = YES;
				SWIFT_VERSION = 5.0;
				TARGETED_DEVICE_FAMILY = "1,2";
			};
			name = Release;
		};
		A004EDA32D11DC030081DDC0 /* Debug */ = {
			isa = XCBuildConfiguration;
			buildSettings = {
				BUNDLE_LOADER = "$(TEST_HOST)";
				CODE_SIGN_STYLE = Automatic;
				CURRENT_PROJECT_VERSION = 1;
				GENERATE_INFOPLIST_FILE = YES;
				IPHONEOS_DEPLOYMENT_TARGET = 16.0;
				MARKETING_VERSION = 1.0;
				PRODUCT_BUNDLE_IDENTIFIER = com.pivovar.FamilyMenuPlannerTests;
				PRODUCT_NAME = "$(TARGET_NAME)";
				SWIFT_EMIT_LOC_STRINGS = NO;
				SWIFT_VERSION = 5.0;
				TARGETED_DEVICE_FAMILY = "1,2";
				TEST_HOST = "$(BUILT_PRODUCTS_DIR)/FamilyMenuPlanner.app/$(BUNDLE_EXECUTABLE_FOLDER_PATH)/FamilyMenuPlanner";
			};
			name = Debug;
		};
		A004EDA42D11DC030081DDC0 /* Release */ = {
			isa = XCBuildConfiguration;
			buildSettings = {
				BUNDLE_LOADER = "$(TEST_HOST)";
				CODE_SIGN_STYLE = Automatic;
				CURRENT_PROJECT_VERSION = 1;
				GENERATE_INFOPLIST_FILE = YES;
				IPHONEOS_DEPLOYMENT_TARGET = 16.0;
				MARKETING_VERSION = 1.0;
				PRODUCT_BUNDLE_IDENTIFIER = com.pivovar.FamilyMenuPlannerTests;
				PRODUCT_NAME = "$(TARGET_NAME)";
				SWIFT_EMIT_LOC_STRINGS = NO;
				SWIFT_VERSION = 5.0;
				TARGETED_DEVICE_FAMILY = "1,2";
				TEST_HOST = "$(BUILT_PRODUCTS_DIR)/FamilyMenuPlanner.app/$(BUNDLE_EXECUTABLE_FOLDER_PATH)/FamilyMenuPlanner";
			};
			name = Release;
		};
		A004EDA62D11DC030081DDC0 /* Debug */ = {
			isa = XCBuildConfiguration;
			buildSettings = {
				CODE_SIGN_STYLE = Automatic;
				CURRENT_PROJECT_VERSION = 1;
				GENERATE_INFOPLIST_FILE = YES;
				IPHONEOS_DEPLOYMENT_TARGET = 16.0;
				MARKETING_VERSION = 1.0;
				PRODUCT_BUNDLE_IDENTIFIER = com.pivovar.FamilyMenuPlannerUITests;
				PRODUCT_NAME = "$(TARGET_NAME)";
				SWIFT_EMIT_LOC_STRINGS = NO;
				SWIFT_VERSION = 5.0;
				TARGETED_DEVICE_FAMILY = "1,2";
				TEST_TARGET_NAME = FamilyMenuPlanner;
			};
			name = Debug;
		};
		A004EDA72D11DC030081DDC0 /* Release */ = {
			isa = XCBuildConfiguration;
			buildSettings = {
				CODE_SIGN_STYLE = Automatic;
				CURRENT_PROJECT_VERSION = 1;
				GENERATE_INFOPLIST_FILE = YES;
				IPHONEOS_DEPLOYMENT_TARGET = 16.0;
				MARKETING_VERSION = 1.0;
				PRODUCT_BUNDLE_IDENTIFIER = com.pivovar.FamilyMenuPlannerUITests;
				PRODUCT_NAME = "$(TARGET_NAME)";
				SWIFT_EMIT_LOC_STRINGS = NO;
				SWIFT_VERSION = 5.0;
				TARGETED_DEVICE_FAMILY = "1,2";
				TEST_TARGET_NAME = FamilyMenuPlanner;
			};
			name = Release;
		};
/* End XCBuildConfiguration section */

/* Begin XCConfigurationList section */
		A004ED702D11DC000081DDC0 /* Build configuration list for PBXProject "FamilyMenuPlanner" */ = {
			isa = XCConfigurationList;
			buildConfigurations = (
				A004ED9D2D11DC030081DDC0 /* Debug */,
				A004ED9E2D11DC030081DDC0 /* Release */,
			);
			defaultConfigurationIsVisible = 0;
			defaultConfigurationName = Release;
		};
		A004ED9F2D11DC030081DDC0 /* Build configuration list for PBXNativeTarget "FamilyMenuPlanner" */ = {
			isa = XCConfigurationList;
			buildConfigurations = (
				A004EDA02D11DC030081DDC0 /* Debug */,
				A004EDA12D11DC030081DDC0 /* Release */,
			);
			defaultConfigurationIsVisible = 0;
			defaultConfigurationName = Release;
		};
		A004EDA22D11DC030081DDC0 /* Build configuration list for PBXNativeTarget "FamilyMenuPlannerTests" */ = {
			isa = XCConfigurationList;
			buildConfigurations = (
				A004EDA32D11DC030081DDC0 /* Debug */,
				A004EDA42D11DC030081DDC0 /* Release */,
			);
			defaultConfigurationIsVisible = 0;
			defaultConfigurationName = Release;
		};
		A004EDA52D11DC030081DDC0 /* Build configuration list for PBXNativeTarget "FamilyMenuPlannerUITests" */ = {
			isa = XCConfigurationList;
			buildConfigurations = (
				A004EDA62D11DC030081DDC0 /* Debug */,
				A004EDA72D11DC030081DDC0 /* Release */,
			);
			defaultConfigurationIsVisible = 0;
			defaultConfigurationName = Release;
		};
/* End XCConfigurationList section */

/* Begin XCVersionGroup section */
		A004ED832D11DC020081DDC0 /* FamilyMenuPlanner.xcdatamodeld */ = {
			isa = XCVersionGroup;
			children = (
				A004ED842D11DC020081DDC0 /* FamilyMenuPlanner.xcdatamodel */,
			);
			currentVersion = A004ED842D11DC020081DDC0 /* FamilyMenuPlanner.xcdatamodel */;
			path = FamilyMenuPlanner.xcdatamodeld;
			sourceTree = "<group>";
			versionGroupType = wrapper.xcdatamodel;
		};
/* End XCVersionGroup section */
	};
	rootObject = A004ED6D2D11DC000081DDC0 /* Project object */;
}
